
Microsoft Visual Studio Solution File, Format Version 12.00
# Visual Studio 15
VisualStudioVersion = 15.0.28307.438
MinimumVisualStudioVersion = 10.0.40219.1
Project("{FAE04EC0-301F-11D3-BF4B-00C04F79EFBC}") = "Agenda_WPF", "Agenda_WPF\Agenda_WPF.csproj", "{4AF9CCC7-F4A3-4B22-B067-1ED291358C09}"
EndProject
Project("{FAE04EC0-301F-11D3-BF4B-00C04F79EFBC}") = "LogicaDeAgenda", "LogicaDeAgenda\LogicaDeAgenda.csproj", "{8BBE6DCE-89F5-44D0-857F-0B4A7AB67C42}"
EndProject
Project("{FAE04EC0-301F-11D3-BF4B-00C04F79EFBC}") = "ConexionBaseDedatos", "ConexionBaseDedatos\ConexionBaseDedatos.csproj", "{F13923FF-0F87-44F3-8A9E-81FC747CCA1D}"
EndProject
Global
	GlobalSection(SolutionConfigurationPlatforms) = preSolution
		Debug|Any CPU = Debug|Any CPU
		Release|Any CPU = Release|Any CPU
	EndGlobalSection
	GlobalSection(ProjectConfigurationPlatforms) = postSolution
		{4AF9CCC7-F4A3-4B22-B067-1ED291358C09}.Debug|Any CPU.ActiveCfg = Debug|Any CPU
		{4AF9CCC7-F4A3-4B22-B067-1ED291358C09}.Debug|Any CPU.Build.0 = Debug|Any CPU
		{4AF9CCC7-F4A3-4B22-B067-1ED291358C09}.Release|Any CPU.ActiveCfg = Release|Any CPU
		{4AF9CCC7-F4A3-4B22-B067-1ED291358C09}.Release|Any CPU.Build.0 = Release|Any CPU
		{8BBE6DCE-89F5-44D0-857F-0B4A7AB67C42}.Debug|Any CPU.ActiveCfg = Debug|Any CPU
		{8BBE6DCE-89F5-44D0-857F-0B4A7AB67C42}.Debug|Any CPU.Build.0 = Debug|Any CPU
		{8BBE6DCE-89F5-44D0-857F-0B4A7AB67C42}.Release|Any CPU.ActiveCfg = Release|Any CPU
		{8BBE6DCE-89F5-44D0-857F-0B4A7AB67C42}.Release|Any CPU.Build.0 = Release|Any CPU
		{F13923FF-0F87-44F3-8A9E-81FC747CCA1D}.Debug|Any CPU.ActiveCfg = Debug|Any CPU
		{F13923FF-0F87-44F3-8A9E-81FC747CCA1D}.Debug|Any CPU.Build.0 = Debug|Any CPU
		{F13923FF-0F87-44F3-8A9E-81FC747CCA1D}.Release|Any CPU.ActiveCfg = Release|Any CPU
		{F13923FF-0F87-44F3-8A9E-81FC747CCA1D}.Release|Any CPU.Build.0 = Release|Any CPU
	EndGlobalSection
	GlobalSection(SolutionProperties) = preSolution
		HideSolutionNode = FALSE
	EndGlobalSection
	GlobalSection(ExtensibilityGlobals) = postSolution
		SolutionGuid = {7443CCCE-051B-47CE-BEB5-CBAF2AF87549}
	EndGlobalSection
EndGlobal
